version: 6
environments:
  default:
    channels:
    - url: https://conda.anaconda.org/conda-forge/
    packages:
      linux-64:
      - conda: https://conda.anaconda.org/conda-forge/linux-64/_libgcc_mutex-0.1-conda_forge.tar.bz2
      - conda: https://conda.anaconda.org/conda-forge/linux-64/_openmp_mutex-4.5-2_gnu.tar.bz2
      - conda: https://conda.anaconda.org/conda-forge/linux-64/binutils_impl_linux-64-2.43-h4bf12b8_5.conda
      - conda: https://conda.anaconda.org/conda-forge/noarch/ca-certificates-2025.6.15-hbd8a1cb_0.conda
      - conda: https://conda.anaconda.org/conda-forge/linux-64/gcc_impl_linux-64-15.1.0-h4393ad2_2.conda
      - conda: https://conda.anaconda.org/conda-forge/linux-64/icu-75.1-he02047a_0.conda
      - conda: https://conda.anaconda.org/conda-forge/noarch/kernel-headers_linux-64-3.10.0-he073ed8_18.conda
      - conda: https://conda.anaconda.org/conda-forge/linux-64/ld_impl_linux-64-2.43-h712a8e2_5.conda
      - conda: https://conda.anaconda.org/conda-forge/linux-64/libgcc-15.1.0-h767d61c_2.conda
      - conda: https://conda.anaconda.org/conda-forge/noarch/libgcc-devel_linux-64-15.1.0-h4c094af_102.conda
      - conda: https://conda.anaconda.org/conda-forge/linux-64/libgcc-ng-15.1.0-h69a702a_2.conda
      - conda: https://conda.anaconda.org/conda-forge/linux-64/libgomp-15.1.0-h767d61c_2.conda
      - conda: https://conda.anaconda.org/conda-forge/linux-64/libsanitizer-15.1.0-h97b714f_2.conda
      - conda: https://conda.anaconda.org/conda-forge/linux-64/libstdcxx-15.1.0-h8f9b012_2.conda
      - conda: https://conda.anaconda.org/conda-forge/linux-64/libstdcxx-ng-15.1.0-h4852527_2.conda
      - conda: https://conda.anaconda.org/conda-forge/linux-64/libuv-1.51.0-hb9d3cd8_0.conda
      - conda: https://conda.anaconda.org/conda-forge/linux-64/libzlib-1.3.1-hb9d3cd8_2.conda
      - conda: https://conda.anaconda.org/conda-forge/linux-64/nodejs-22.13.0-hf235a45_0.conda
      - conda: https://conda.anaconda.org/conda-forge/linux-64/openssl-3.5.0-h7b32b05_1.conda
      - conda: https://conda.anaconda.org/conda-forge/linux-64/pnpm-10.12.1-h6417eb3_0.conda
      - conda: https://conda.anaconda.org/conda-forge/linux-64/rust-1.87.0-h1a8d7c4_0.conda
      - conda: https://conda.anaconda.org/conda-forge/noarch/rust-std-wasm32-unknown-unknown-1.87.0-unix_0.conda
      - conda: https://conda.anaconda.org/conda-forge/noarch/rust-std-x86_64-unknown-linux-gnu-1.87.0-h2c6d0dc_0.conda
      - conda: https://conda.anaconda.org/conda-forge/noarch/sysroot_linux-64-2.17-h0157908_18.conda
      - conda: https://conda.anaconda.org/conda-forge/linux-64/trunk-0.21.14-hb23c6cf_0.conda
      - conda: https://conda.anaconda.org/conda-forge/noarch/tzdata-2025b-h78e105d_0.conda
      - conda: https://conda.anaconda.org/conda-forge/linux-64/zlib-1.3.1-hb9d3cd8_2.conda
      osx-64:
      - conda: https://conda.anaconda.org/conda-forge/noarch/ca-certificates-2025.6.15-hbd8a1cb_0.conda
      - conda: https://conda.anaconda.org/conda-forge/osx-64/icu-75.1-h120a0e1_0.conda
      - conda: https://conda.anaconda.org/conda-forge/osx-64/libcxx-20.1.7-hf95d169_0.conda
      - conda: https://conda.anaconda.org/conda-forge/osx-64/libuv-1.51.0-h4cb831e_0.conda
      - conda: https://conda.anaconda.org/conda-forge/osx-64/libzlib-1.3.1-hd23fc13_2.conda
      - conda: https://conda.anaconda.org/conda-forge/osx-64/nodejs-22.13.0-hffbc63d_0.conda
      - conda: https://conda.anaconda.org/conda-forge/osx-64/openssl-3.5.0-hc426f3f_1.conda
      - conda: https://conda.anaconda.org/conda-forge/osx-64/pnpm-10.12.1-h1b4e6c9_0.conda
      - conda: https://conda.anaconda.org/conda-forge/osx-64/rust-1.87.0-h34a2095_0.conda
      - conda: https://conda.anaconda.org/conda-forge/noarch/rust-std-wasm32-unknown-unknown-1.87.0-unix_0.conda
      - conda: https://conda.anaconda.org/conda-forge/noarch/rust-std-x86_64-apple-darwin-1.87.0-h38e4360_0.conda
      - conda: https://conda.anaconda.org/conda-forge/osx-64/trunk-0.21.14-h20e96b3_0.conda
      - conda: https://conda.anaconda.org/conda-forge/osx-64/zlib-1.3.1-hd23fc13_2.conda
      osx-arm64:
      - conda: https://conda.anaconda.org/conda-forge/noarch/ca-certificates-2025.6.15-hbd8a1cb_0.conda
      - conda: https://conda.anaconda.org/conda-forge/osx-arm64/icu-75.1-hfee45f7_0.conda
      - conda: https://conda.anaconda.org/conda-forge/osx-arm64/libcxx-20.1.7-ha82da77_0.conda
      - conda: https://conda.anaconda.org/conda-forge/osx-arm64/libuv-1.51.0-h5505292_0.conda
      - conda: https://conda.anaconda.org/conda-forge/osx-arm64/libzlib-1.3.1-h8359307_2.conda
      - conda: https://conda.anaconda.org/conda-forge/osx-arm64/nodejs-22.13.0-h02a13b7_0.conda
      - conda: https://conda.anaconda.org/conda-forge/osx-arm64/openssl-3.5.0-h81ee809_1.conda
      - conda: https://conda.anaconda.org/conda-forge/osx-arm64/pnpm-10.12.1-h7c8fa8f_0.conda
      - conda: https://conda.anaconda.org/conda-forge/osx-arm64/rust-1.87.0-h4ff7c5d_0.conda
      - conda: https://conda.anaconda.org/conda-forge/noarch/rust-std-aarch64-apple-darwin-1.87.0-hf6ec828_0.conda
      - conda: https://conda.anaconda.org/conda-forge/noarch/rust-std-wasm32-unknown-unknown-1.87.0-unix_0.conda
      - conda: https://conda.anaconda.org/conda-forge/osx-arm64/trunk-0.21.14-hf783435_0.conda
      - conda: https://conda.anaconda.org/conda-forge/osx-arm64/zlib-1.3.1-h8359307_2.conda
      win-64:
      - conda: https://conda.anaconda.org/conda-forge/win-64/nodejs-22.13.0-hfeaa22a_0.conda
      - conda: https://conda.anaconda.org/conda-forge/win-64/pnpm-10.12.1-haa868a1_0.conda
      - conda: https://conda.anaconda.org/conda-forge/win-64/rust-1.87.0-hf8d6059_0.conda
      - conda: https://conda.anaconda.org/conda-forge/noarch/rust-std-wasm32-unknown-unknown-1.87.0-win_0.conda
      - conda: https://conda.anaconda.org/conda-forge/noarch/rust-std-x86_64-pc-windows-msvc-1.87.0-h17fc481_0.conda
      - conda: https://conda.anaconda.org/conda-forge/win-64/trunk-0.21.14-h63977a8_0.conda
      - conda: https://conda.anaconda.org/conda-forge/win-64/ucrt-10.0.22621.0-h57928b3_1.conda
      - conda: https://conda.anaconda.org/conda-forge/win-64/vc-14.3-h2b53caa_26.conda
      - conda: https://conda.anaconda.org/conda-forge/win-64/vc14_runtime-14.42.34438-hfd919c2_26.conda
packages:
- conda: https://conda.anaconda.org/conda-forge/linux-64/_libgcc_mutex-0.1-conda_forge.tar.bz2
  sha256: fe51de6107f9edc7aa4f786a70f4a883943bc9d39b3bb7307c04c41410990726
  md5: d7c89558ba9fa0495403155b64376d81
  license: None
  size: 2562
  timestamp: 1578324546067
- conda: https://conda.anaconda.org/conda-forge/linux-64/_openmp_mutex-4.5-2_gnu.tar.bz2
  build_number: 16
  sha256: fbe2c5e56a653bebb982eda4876a9178aedfc2b545f25d0ce9c4c0b508253d22
  md5: 73aaf86a425cc6e73fcf236a5a46396d
  depends:
  - _libgcc_mutex 0.1 conda_forge
  - libgomp >=7.5.0
  constrains:
  - openmp_impl 9999
  license: BSD-3-Clause
  license_family: BSD
  size: 23621
  timestamp: 1650670423406
- conda: https://conda.anaconda.org/conda-forge/linux-64/binutils_impl_linux-64-2.43-h4bf12b8_5.conda
  sha256: 27ae158d415ff2942214b32ac7952e642f0f4c2a45ab683691e2a9a9159f868c
  md5: 18852d82df8e5737e320a8731ace51b9
  depends:
  - ld_impl_linux-64 2.43 h712a8e2_5
  - sysroot_linux-64
  license: GPL-3.0-only
  license_family: GPL
  size: 6376971
  timestamp: 1749852878015
- conda: https://conda.anaconda.org/conda-forge/noarch/ca-certificates-2025.6.15-hbd8a1cb_0.conda
  sha256: 7cfec9804c84844ea544d98bda1d9121672b66ff7149141b8415ca42dfcd44f6
  md5: 72525f07d72806e3b639ad4504c30ce5
  depends:
  - __unix
  license: ISC
  size: 151069
  timestamp: 1749990087500
- conda: https://conda.anaconda.org/conda-forge/linux-64/gcc_impl_linux-64-15.1.0-h4393ad2_2.conda
  sha256: 99c545b842edd356d907c51ccd6f894ef6db042c6ebebefd14eb844f53ff8f73
  md5: 240c2af59f95792f60193c1cb9ee42c5
  depends:
  - binutils_impl_linux-64 >=2.40
  - libgcc >=15.1.0
  - libgcc-devel_linux-64 15.1.0 h4c094af_102
  - libgomp >=15.1.0
  - libsanitizer 15.1.0 h97b714f_2
  - libstdcxx >=15.1.0
  - sysroot_linux-64
  license: GPL-3.0-only WITH GCC-exception-3.1
  license_family: GPL
  size: 76467375
  timestamp: 1746642316078
- conda: https://conda.anaconda.org/conda-forge/linux-64/icu-75.1-he02047a_0.conda
  sha256: 71e750d509f5fa3421087ba88ef9a7b9be11c53174af3aa4d06aff4c18b38e8e
  md5: 8b189310083baabfb622af68fd9d3ae3
  depends:
  - __glibc >=2.17,<3.0.a0
  - libgcc-ng >=12
  - libstdcxx-ng >=12
  license: MIT
  license_family: MIT
  size: 12129203
  timestamp: 1720853576813
- conda: https://conda.anaconda.org/conda-forge/osx-64/icu-75.1-h120a0e1_0.conda
  sha256: 2e64307532f482a0929412976c8450c719d558ba20c0962832132fd0d07ba7a7
  md5: d68d48a3060eb5abdc1cdc8e2a3a5966
  depends:
  - __osx >=10.13
  license: MIT
  license_family: MIT
  size: 11761697
  timestamp: 1720853679409
- conda: https://conda.anaconda.org/conda-forge/osx-arm64/icu-75.1-hfee45f7_0.conda
  sha256: 9ba12c93406f3df5ab0a43db8a4b4ef67a5871dfd401010fbe29b218b2cbe620
  md5: 5eb22c1d7b3fc4abb50d92d621583137
  depends:
  - __osx >=11.0
  license: MIT
  license_family: MIT
  size: 11857802
  timestamp: 1720853997952
- conda: https://conda.anaconda.org/conda-forge/noarch/kernel-headers_linux-64-3.10.0-he073ed8_18.conda
  sha256: a922841ad80bd7b222502e65c07ecb67e4176c4fa5b03678a005f39fcc98be4b
  md5: ad8527bf134a90e1c9ed35fa0b64318c
  constrains:
  - sysroot_linux-64 ==2.17
  license: LGPL-2.0-or-later AND LGPL-2.0-or-later WITH exceptions AND GPL-2.0-or-later AND MPL-2.0
  license_family: GPL
  size: 943486
  timestamp: 1729794504440
- conda: https://conda.anaconda.org/conda-forge/linux-64/ld_impl_linux-64-2.43-h712a8e2_5.conda
  sha256: de097284f497b391fe9d000c75b684583c30aad172d9508ed05df23ce39d75cb
  md5: acd9213a63cb62521290e581ef82de80
  depends:
  - __glibc >=2.17,<3.0.a0
  constrains:
  - binutils_impl_linux-64 2.43
  license: GPL-3.0-only
  license_family: GPL
  size: 670525
  timestamp: 1749852860076
- conda: https://conda.anaconda.org/conda-forge/osx-64/libcxx-20.1.7-hf95d169_0.conda
  sha256: f6e088a2e0e702a4908d1fc9f1a17b080bdcf63e1f8a9cb35dd158fc1d1eb2f5
  md5: 8b47ade37d4e75417b4e993179c09f5d
  depends:
  - __osx >=10.13
  license: Apache-2.0 WITH LLVM-exception
  license_family: Apache
  size: 562573
  timestamp: 1749846921724
- conda: https://conda.anaconda.org/conda-forge/osx-arm64/libcxx-20.1.7-ha82da77_0.conda
  sha256: a3fd34773f1252a4f089e74a075ff5f0f6b878aede097e83a405f35687c36f24
  md5: 881de227abdddbe596239fa9e82eb3ab
  depends:
  - __osx >=11.0
  license: Apache-2.0 WITH LLVM-exception
  license_family: Apache
  size: 567189
  timestamp: 1749847129529
- conda: https://conda.anaconda.org/conda-forge/linux-64/libgcc-15.1.0-h767d61c_2.conda
  sha256: 0024f9ab34c09629621aefd8603ef77bf9d708129b0dd79029e502c39ffc2195
  md5: ea8ac52380885ed41c1baa8f1d6d2b93
  depends:
  - __glibc >=2.17,<3.0.a0
  - _openmp_mutex >=4.5
  constrains:
  - libgcc-ng ==15.1.0=*_2
  - libgomp 15.1.0 h767d61c_2
  license: GPL-3.0-only WITH GCC-exception-3.1
  license_family: GPL
  size: 829108
  timestamp: 1746642191935
- conda: https://conda.anaconda.org/conda-forge/noarch/libgcc-devel_linux-64-15.1.0-h4c094af_102.conda
  sha256: f379980c3d48ceabf8ade0ebc5bdb4acd41e4b1c89023b673deb212e51b7a7f6
  md5: c49792270935d4024aef12f8e49f0f9c
  depends:
  - __unix
  license: GPL-3.0-only WITH GCC-exception-3.1
  license_family: GPL
  size: 2733483
  timestamp: 1746642098272
- conda: https://conda.anaconda.org/conda-forge/linux-64/libgcc-ng-15.1.0-h69a702a_2.conda
  sha256: 0ab5421a89f090f3aa33841036bb3af4ed85e1f91315b528a9d75fab9aad51ae
  md5: ddca86c7040dd0e73b2b69bd7833d225
  depends:
  - libgcc 15.1.0 h767d61c_2
  license: GPL-3.0-only WITH GCC-exception-3.1
  license_family: GPL
  size: 34586
  timestamp: 1746642200749
- conda: https://conda.anaconda.org/conda-forge/linux-64/libgomp-15.1.0-h767d61c_2.conda
  sha256: 05fff3dc7e80579bc28de13b511baec281c4343d703c406aefd54389959154fb
  md5: fbe7d535ff9d3a168c148e07358cd5b1
  depends:
  - __glibc >=2.17,<3.0.a0
  license: GPL-3.0-only WITH GCC-exception-3.1
  license_family: GPL
  size: 452635
  timestamp: 1746642113092
- conda: https://conda.anaconda.org/conda-forge/linux-64/libsanitizer-15.1.0-h97b714f_2.conda
  sha256: 3f573329431523b2510b9374f4048d87bb603536bc63f66910cd47b5347ea37f
  md5: 4de6cfe35a4736a63e4f59602a8ebeec
  depends:
  - __glibc >=2.17,<3.0.a0
  - libgcc >=15.1.0
  - libstdcxx >=15.1.0
  license: GPL-3.0-only WITH GCC-exception-3.1
  license_family: GPL
  size: 4539916
  timestamp: 1746642248624
- conda: https://conda.anaconda.org/conda-forge/linux-64/libstdcxx-15.1.0-h8f9b012_2.conda
  sha256: 6ae3d153e78f6069d503d9309f2cac6de5b93d067fc6433160a4c05226a5dad4
  md5: 1cb1c67961f6dd257eae9e9691b341aa
  depends:
  - __glibc >=2.17,<3.0.a0
  - libgcc 15.1.0 h767d61c_2
  license: GPL-3.0-only WITH GCC-exception-3.1
  license_family: GPL
  size: 3902355
  timestamp: 1746642227493
- conda: https://conda.anaconda.org/conda-forge/linux-64/libstdcxx-ng-15.1.0-h4852527_2.conda
  sha256: 11bea86e11de7d6bce87589197a383344df3fa0a3552dab7e931785ff1159a5b
  md5: 9d2072af184b5caa29492bf2344597bb
  depends:
  - libstdcxx 15.1.0 h8f9b012_2
  license: GPL-3.0-only WITH GCC-exception-3.1
  license_family: GPL
  size: 34647
  timestamp: 1746642266826
- conda: https://conda.anaconda.org/conda-forge/linux-64/libuv-1.51.0-hb9d3cd8_0.conda
  sha256: 770ca175d64323976c9fe4303042126b2b01c1bd54c8c96cafeaba81bdb481b8
  md5: 1349c022c92c5efd3fd705a79a5804d8
  depends:
  - __glibc >=2.17,<3.0.a0
  - libgcc >=13
  license: MIT
  license_family: MIT
  size: 890145
  timestamp: 1748304699136
- conda: https://conda.anaconda.org/conda-forge/osx-64/libuv-1.51.0-h4cb831e_0.conda
  sha256: 2c820c8e26d680f74035f58c3d46593461bb8aeefa00faafa5ca39d8a51c87fa
  md5: 8afd5432c2e6776d145d94f4ea4d4db5
  depends:
  - __osx >=11.0
  license: MIT
  license_family: MIT
  size: 420355
  timestamp: 1748304826637
- conda: https://conda.anaconda.org/conda-forge/osx-arm64/libuv-1.51.0-h5505292_0.conda
  sha256: 41c1230a3f4e0d265e5053c671f112a16be4405b9047d3da5581e03e9d53de65
  md5: 230a885fe67a3e945a4586b944b6020a
  depends:
  - __osx >=11.0
  license: MIT
  license_family: MIT
  size: 420654
  timestamp: 1748304893204
- conda: https://conda.anaconda.org/conda-forge/linux-64/libzlib-1.3.1-hb9d3cd8_2.conda
  sha256: d4bfe88d7cb447768e31650f06257995601f89076080e76df55e3112d4e47dc4
  md5: edb0dca6bc32e4f4789199455a1dbeb8
  depends:
  - __glibc >=2.17,<3.0.a0
  - libgcc >=13
  constrains:
  - zlib 1.3.1 *_2
  license: Zlib
  license_family: Other
  size: 60963
  timestamp: 1727963148474
- conda: https://conda.anaconda.org/conda-forge/osx-64/libzlib-1.3.1-hd23fc13_2.conda
  sha256: 8412f96504fc5993a63edf1e211d042a1fd5b1d51dedec755d2058948fcced09
  md5: 003a54a4e32b02f7355b50a837e699da
  depends:
  - __osx >=10.13
  constrains:
  - zlib 1.3.1 *_2
  license: Zlib
  license_family: Other
  size: 57133
  timestamp: 1727963183990
- conda: https://conda.anaconda.org/conda-forge/osx-arm64/libzlib-1.3.1-h8359307_2.conda
  sha256: ce34669eadaba351cd54910743e6a2261b67009624dbc7daeeafdef93616711b
  md5: 369964e85dc26bfe78f41399b366c435
  depends:
  - __osx >=11.0
  constrains:
  - zlib 1.3.1 *_2
  license: Zlib
  license_family: Other
  size: 46438
  timestamp: 1727963202283
- conda: https://conda.anaconda.org/conda-forge/linux-64/nodejs-22.13.0-hf235a45_0.conda
  sha256: 925ea8839d6f26d0eb4204675b98a862803a9a9657fd36a4a22c4c29a479a911
  md5: 1f9efd96347aa008bd2c735d7d88fc75
  depends:
  - __glibc >=2.28,<3.0.a0
  - icu >=75.1,<76.0a0
  - libgcc >=13
  - libstdcxx >=13
  - libuv >=1.50.0,<2.0a0
  - libzlib >=1.3.1,<2.0a0
  - openssl >=3.4.1,<4.0a0
  - zlib
  license: MIT
  license_family: MIT
  size: 21691794
  timestamp: 1741809786920
- conda: https://conda.anaconda.org/conda-forge/osx-64/nodejs-22.13.0-hffbc63d_0.conda
  sha256: 24afdefa36b68ec1a8159891ed458a7c79b81b35953b9028de142ce640b578b0
  md5: 74b4d1661ede30e27fdafb0ddb49e13d
  depends:
  - __osx >=10.15
  - icu >=75.1,<76.0a0
  - libcxx >=18
  - libuv >=1.50.0,<2.0a0
  - libzlib >=1.3.1,<2.0a0
  - openssl >=3.4.0,<4.0a0
  - zlib
  license: MIT
  license_family: MIT
  size: 15878764
  timestamp: 1737395834264
- conda: https://conda.anaconda.org/conda-forge/osx-arm64/nodejs-22.13.0-h02a13b7_0.conda
  sha256: d390651526630468e385a74474bb3f17849861182257c161bbca8fca7734d578
  md5: 93cd91b998422ebf2dace6c13c1842ce
  depends:
  - __osx >=11.0
  - icu >=75.1,<76.0a0
  - libcxx >=18
  - libuv >=1.50.0,<2.0a0
  - libzlib >=1.3.1,<2.0a0
  - openssl >=3.4.0,<4.0a0
  - zlib
  license: MIT
  license_family: MIT
  size: 15490642
  timestamp: 1737401388520
- conda: https://conda.anaconda.org/conda-forge/win-64/nodejs-22.13.0-hfeaa22a_0.conda
  sha256: 2e72f510715960a0579a2a5452104d20044e8ba74742b87899e24c11cb72d578
  md5: bd7dde69cfd032aec6ba645297315aff
  license: MIT
  license_family: MIT
  size: 26232097
  timestamp: 1737384238153
- conda: https://conda.anaconda.org/conda-forge/linux-64/openssl-3.5.0-h7b32b05_1.conda
  sha256: b4491077c494dbf0b5eaa6d87738c22f2154e9277e5293175ec187634bd808a0
  md5: de356753cfdbffcde5bb1e86e3aa6cd0
  depends:
  - __glibc >=2.17,<3.0.a0
  - ca-certificates
  - libgcc >=13
  license: Apache-2.0
  license_family: Apache
  size: 3117410
  timestamp: 1746223723843
- conda: https://conda.anaconda.org/conda-forge/osx-64/openssl-3.5.0-hc426f3f_1.conda
  sha256: bcac94cb82a458b4e3164da8d9bced08cc8c3da2bc3bd7330711a3689c1464a5
  md5: 919faa07b9647beb99a0e7404596a465
  depends:
  - __osx >=10.13
  - ca-certificates
  license: Apache-2.0
  license_family: Apache
  size: 2739181
  timestamp: 1746224401118
- conda: https://conda.anaconda.org/conda-forge/osx-arm64/openssl-3.5.0-h81ee809_1.conda
  sha256: 73d366c1597a10bcd5f3604b5f0734b31c23225536e03782c6a13f9be9d01bff
  md5: 5c7aef00ef60738a14e0e612cfc5bcde
  depends:
  - __osx >=11.0
  - ca-certificates
  license: Apache-2.0
  license_family: Apache
  size: 3064197
  timestamp: 1746223530698
- conda: https://conda.anaconda.org/conda-forge/linux-64/pnpm-10.12.1-h6417eb3_0.conda
  sha256: b9712d5a652058417046cfd3ec11d79f7bc5beafc755a893d6c4f844b18e3af8
  md5: 5024a8d56cbc9b21984929e8a7d30115
  depends:
  - __glibc >=2.17,<3.0.a0
  - libgcc >=13
  - libstdcxx >=13
  - nodejs >=22.13.0,<23.0a0
  license: MIT
  license_family: MIT
  size: 3319518
  timestamp: 1749397435814
- conda: https://conda.anaconda.org/conda-forge/osx-64/pnpm-10.12.1-h1b4e6c9_0.conda
  sha256: 551900fbd416ba875a51a2859ea8b40362ed98bf29e335eb41c864716746e49d
  md5: 63c359c21005363d22933b893272a78e
  depends:
  - __osx >=10.13
  - libcxx >=18
  - nodejs >=22.13.0,<23.0a0
  license: MIT
  license_family: MIT
  size: 3380803
  timestamp: 1749397544623
- conda: https://conda.anaconda.org/conda-forge/osx-arm64/pnpm-10.12.1-h7c8fa8f_0.conda
  sha256: 77b3b1ef5c5417914598809fc84954c3063b12ad21b70e4335913de616dd0452
  md5: e223008378f836242de77cd2e5e2cc43
  depends:
  - __osx >=11.0
  - libcxx >=18
  - nodejs >=22.13.0,<23.0a0
  license: MIT
  license_family: MIT
  size: 3425773
  timestamp: 1749397545951
- conda: https://conda.anaconda.org/conda-forge/win-64/pnpm-10.12.1-haa868a1_0.conda
  sha256: b14d084d3ebc913a1811d3c27e4cd652580ccbe9e5d4365b6e0ec396fdf78068
  md5: dcfded32fc24f4fad95e0e0e3bb805c6
  depends:
  - nodejs >=22.13.0,<23.0a0
  - ucrt >=10.0.20348.0
  - vc >=14.2,<15
  - vc14_runtime >=14.29.30139
  license: MIT
  license_family: MIT
  size: 3430206
  timestamp: 1749398511365
- conda: https://conda.anaconda.org/conda-forge/linux-64/rust-1.87.0-h1a8d7c4_0.conda
  sha256: b1b3309f0855dd06f40ff4a16722a6be0a1747526da4da1d80af422fe2c20fee
  md5: c158d0c5b3e731e564477ebdcdc1dcd4
  depends:
  - __glibc >=2.17,<3.0.a0
  - gcc_impl_linux-64
  - libgcc >=13
  - libzlib >=1.3.1,<2.0a0
  - rust-std-x86_64-unknown-linux-gnu 1.87.0 h2c6d0dc_0
  - sysroot_linux-64 >=2.17
  license: MIT
  license_family: MIT
  size: 223997953
  timestamp: 1747383350751
- conda: https://conda.anaconda.org/conda-forge/osx-64/rust-1.87.0-h34a2095_0.conda
  sha256: 7b87cc21468678e12f57c9d1686913a4712d5ecea589fd2f537a843de87dd5af
  md5: 57f777639bd0b4fc74d0c679b53615fb
  depends:
  - rust-std-x86_64-apple-darwin 1.87.0 h38e4360_0
  license: MIT
  license_family: MIT
  size: 241323195
  timestamp: 1747382547358
- conda: https://conda.anaconda.org/conda-forge/osx-arm64/rust-1.87.0-h4ff7c5d_0.conda
  sha256: db7cdc20393b1a502b11fb6c1e544de4c19a1680ed7192e5795546ec669960ef
  md5: 1a81ee84cd698e1bae4529f335361c70
  depends:
  - rust-std-aarch64-apple-darwin 1.87.0 hf6ec828_0
  license: MIT
  license_family: MIT
  size: 231190136
  timestamp: 1747382484253
- conda: https://conda.anaconda.org/conda-forge/win-64/rust-1.87.0-hf8d6059_0.conda
  sha256: 50bcd7d2f95547da7cea3fa0dd1e19103127915209b4994e4ed2495d62f51f90
  md5: 7aaabd5800247687e34fab3694bd90f4
  depends:
  - rust-std-x86_64-pc-windows-msvc 1.87.0 h17fc481_0
  license: MIT
  license_family: MIT
  size: 248189351
  timestamp: 1747385951560
- conda: https://conda.anaconda.org/conda-forge/noarch/rust-std-aarch64-apple-darwin-1.87.0-hf6ec828_0.conda
  sha256: da8519d811eea491154bb28034d8a7405d640595ce08300b92a7851a157bb8f2
  md5: 6370965a42381e5173d98c5a25861da5
  depends:
  - __unix
  constrains:
  - rust >=1.87.0,<1.87.1.0a0
  license: MIT
  license_family: MIT
  size: 33567727
  timestamp: 1747382333320
- conda: https://conda.anaconda.org/conda-forge/noarch/rust-std-wasm32-unknown-unknown-1.87.0-unix_0.conda
  sha256: 0d45a2415c2da7fff4a27931bbe27e693e7670983c4fe7c515fef99ebd009fe1
  md5: e642aa1424d1facc0f24d74bfc4154b9
  depends:
  - __unix
  constrains:
  - rust >=1.87.0,<1.87.1.0a0
  license: MIT
  license_family: MIT
  size: 24102332
  timestamp: 1747382932761
- conda: https://conda.anaconda.org/conda-forge/noarch/rust-std-wasm32-unknown-unknown-1.87.0-win_0.conda
  sha256: 437c0b8f7d6f43a0e7dada784c2a10d9681d74e20fec59fa94e1d5bea7bb20e6
  md5: 194f3201f6b8f8b62d51544253f974f4
  depends:
  - __win
  constrains:
  - rust >=1.87.0,<1.87.1.0a0
  license: MIT
  license_family: MIT
  size: 24100796
  timestamp: 1747385145572
- conda: https://conda.anaconda.org/conda-forge/noarch/rust-std-x86_64-apple-darwin-1.87.0-h38e4360_0.conda
  sha256: 8b679f7e8f26d5225e6c246caff985a4de919f2117f96c1fa87fe51e2f41c9fa
  md5: aef79235aa36894ff6117acc34f91050
  depends:
  - __unix
  constrains:
  - rust >=1.87.0,<1.87.1.0a0
  license: MIT
  license_family: MIT
  size: 35028683
  timestamp: 1747382367632
- conda: https://conda.anaconda.org/conda-forge/noarch/rust-std-x86_64-pc-windows-msvc-1.87.0-h17fc481_0.conda
  sha256: eabe598e244d9a083c261f6be20c89fbb4d052bc09641267db4a6c4867ffce5f
  md5: be68986ec79a1d50ada2e5af3795d4ae
  depends:
  - __win
  constrains:
  - rust >=1.87.0,<1.87.1.0a0
  license: MIT
  license_family: MIT
  size: 27954158
  timestamp: 1747385592636
- conda: https://conda.anaconda.org/conda-forge/noarch/rust-std-x86_64-unknown-linux-gnu-1.87.0-h2c6d0dc_0.conda
  sha256: 7dfa89025dc6dc19da5455d9d9a57eb8b584aa2d208b964de093b1fe74effe7d
  md5: 64c88c10adc2a260ff356e42747311a4
  depends:
  - __unix
  constrains:
  - rust >=1.87.0,<1.87.1.0a0
  license: MIT
  license_family: MIT
  size: 37879016
  timestamp: 1747383157657
- conda: https://conda.anaconda.org/conda-forge/noarch/sysroot_linux-64-2.17-h0157908_18.conda
  sha256: 69ab5804bdd2e8e493d5709eebff382a72fab3e9af6adf93a237ccf8f7dbd624
  md5: 460eba7851277ec1fd80a1a24080787a
  depends:
  - kernel-headers_linux-64 3.10.0 he073ed8_18
  - tzdata
  license: LGPL-2.0-or-later AND LGPL-2.0-or-later WITH exceptions AND GPL-2.0-or-later AND MPL-2.0
  license_family: GPL
  size: 15166921
  timestamp: 1735290488259
- conda: https://conda.anaconda.org/conda-forge/linux-64/trunk-0.21.14-hb23c6cf_0.conda
  sha256: 557ed80a05771df522f6b5aac9e5cc36c9d1f420508f4dc57a3a8783b8cd2787
  md5: 84b31eb668d796b815ea1e506b794d26
  depends:
  - __glibc >=2.17,<3.0.a0
  - libgcc >=13
  constrains:
  - __glibc >=2.17
  license: MIT OR Apache-2.0
  size: 6975647
  timestamp: 1749970071800
- conda: https://conda.anaconda.org/conda-forge/osx-64/trunk-0.21.14-h20e96b3_0.conda
  sha256: af5ae9831315135194cd355cfda9f76f5e3ea76a1483bef03af64adace502bc3
  md5: 58efec8cc19207b35d94659e19ce56a7
  depends:
  - __osx >=10.13
  constrains:
  - __osx >=10.13
  license: MIT OR Apache-2.0
  size: 6718929
  timestamp: 1749970122243
- conda: https://conda.anaconda.org/conda-forge/osx-arm64/trunk-0.21.14-hf783435_0.conda
  sha256: 0020ba53f268ecf911b9dfdd215fbc38d46ef9d8d2b4ce72bdcc4281431ebfcb
  md5: 7d0fe2d02175266192e1833e843379a1
  depends:
  - __osx >=11.0
  constrains:
  - __osx >=11.0
  license: MIT OR Apache-2.0
  size: 6010411
  timestamp: 1749996288544
- conda: https://conda.anaconda.org/conda-forge/win-64/trunk-0.21.14-h63977a8_0.conda
  sha256: ef99cbbb6d74f19493475a89619e733c23dcbcf0e4ba6f37655212bdc80ec7ff
  md5: 895262f9659f2f05deac9a43f9650673
  depends:
  - vc >=14.2,<15
  - vc14_runtime >=14.29.30139
  - ucrt >=10.0.20348.0
  - vc >=14.2,<15
  - vc14_runtime >=14.29.30139
  - ucrt >=10.0.20348.0
  license: MIT OR Apache-2.0
  size: 6453597
  timestamp: 1749970110527
- conda: https://conda.anaconda.org/conda-forge/noarch/tzdata-2025b-h78e105d_0.conda
  sha256: 5aaa366385d716557e365f0a4e9c3fca43ba196872abbbe3d56bb610d131e192
  md5: 4222072737ccff51314b5ece9c7d6f5a
  license: LicenseRef-Public-Domain
  size: 122968
  timestamp: 1742727099393
- conda: https://conda.anaconda.org/conda-forge/win-64/ucrt-10.0.22621.0-h57928b3_1.conda
  sha256: db8dead3dd30fb1a032737554ce91e2819b43496a0db09927edf01c32b577450
  md5: 6797b005cd0f439c4c5c9ac565783700
  constrains:
  - vs2015_runtime >=14.29.30037
  license: LicenseRef-MicrosoftWindowsSDK10
  size: 559710
  timestamp: 1728377334097
- conda: https://conda.anaconda.org/conda-forge/win-64/vc-14.3-h2b53caa_26.conda
  sha256: 7a685b5c37e9713fa314a0d26b8b1d7a2e6de5ab758698199b5d5b6dba2e3ce1
  md5: d3f0381e38093bde620a8d85f266ae55
  depends:
  - vc14_runtime >=14.42.34433
  track_features:
  - vc14
  license: BSD-3-Clause
  license_family: BSD
  size: 17893
  timestamp: 1743195261486
- conda: https://conda.anaconda.org/conda-forge/win-64/vc14_runtime-14.42.34438-hfd919c2_26.conda
  sha256: 30dcb71bb166e351aadbdc18f1718757c32cdaa0e1e5d9368469ee44f6bf4709
  md5: 91651a36d31aa20c7ba36299fb7068f4
  depends:
  - ucrt >=10.0.20348.0
  constrains:
  - vs2015_runtime 14.42.34438.* *_26
  license: LicenseRef-MicrosoftVisualCpp2015-2022Runtime
  license_family: Proprietary
  size: 750733
  timestamp: 1743195092905
- conda: https://conda.anaconda.org/conda-forge/linux-64/zlib-1.3.1-hb9d3cd8_2.conda
  sha256: 5d7c0e5f0005f74112a34a7425179f4eb6e73c92f5d109e6af4ddeca407c92ab
  md5: c9f075ab2f33b3bbee9e62d4ad0a6cd8
  depends:
  - __glibc >=2.17,<3.0.a0
  - libgcc >=13
  - libzlib 1.3.1 hb9d3cd8_2
  license: Zlib
  license_family: Other
  size: 92286
  timestamp: 1727963153079
- conda: https://conda.anaconda.org/conda-forge/osx-64/zlib-1.3.1-hd23fc13_2.conda
  sha256: 219edbdfe7f073564375819732cbf7cc0d7c7c18d3f546a09c2dfaf26e4d69f3
  md5: c989e0295dcbdc08106fe5d9e935f0b9
  depends:
  - __osx >=10.13
  - libzlib 1.3.1 hd23fc13_2
  license: Zlib
  license_family: Other
  size: 88544
  timestamp: 1727963189976
- conda: https://conda.anaconda.org/conda-forge/osx-arm64/zlib-1.3.1-h8359307_2.conda
  sha256: 58f8860756680a4831c1bf4f294e2354d187f2e999791d53b1941834c4b37430
  md5: e3170d898ca6cb48f1bb567afb92f775
  depends:
  - __osx >=11.0
  - libzlib 1.3.1 h8359307_2
  license: Zlib
  license_family: Other
  size: 77606
  timestamp: 1727963209370
